// !$*UTF8*$!
{
	archiveVersion = 1;
	classes = {
	};
	objectVersion = 48;
	objects = {

/* Begin PBXBuildFile section */
		EBCDA3BE209CA9C50070CF67 /* InbeaconSdk.framework in Frameworks */ = {isa = PBXBuildFile; fileRef = EBCDA3BA209CA9A10070CF67 /* InbeaconSdk.framework */; };
		EBCDA3BF209CA9C50070CF67 /* InbeaconSdk.framework in Embed Frameworks */ = {isa = PBXBuildFile; fileRef = EBCDA3BA209CA9A10070CF67 /* InbeaconSdk.framework */; settings = {ATTRIBUTES = (CodeSignOnCopy, RemoveHeadersOnCopy, ); }; };
		EBDD9C1220586F7A00DCFA5B /* ascendent.caf in Resources */ = {isa = PBXBuildFile; fileRef = EBDD9C0B20586F6800DCFA5B /* ascendent.caf */; };
		EBDD9C1320586F7A00DCFA5B /* attention.caf in Resources */ = {isa = PBXBuildFile; fileRef = EBDD9C0620586F6800DCFA5B /* attention.caf */; };
		EBDD9C1420586F7A00DCFA5B /* bling.caf in Resources */ = {isa = PBXBuildFile; fileRef = EBDD9C0E20586F6800DCFA5B /* bling.caf */; };
		EBDD9C1520586F7A00DCFA5B /* boathorn.caf in Resources */ = {isa = PBXBuildFile; fileRef = EBDD9C0920586F6800DCFA5B /* boathorn.caf */; };
		EBDD9C1620586F7A00DCFA5B /* cashregister.caf in Resources */ = {isa = PBXBuildFile; fileRef = EBDD9C0720586F6800DCFA5B /* cashregister.caf */; };
		EBDD9C1720586F7A00DCFA5B /* demonstrative.caf in Resources */ = {isa = PBXBuildFile; fileRef = EBDD9C1120586F6800DCFA5B /* demonstrative.caf */; };
		EBDD9C1820586F7A00DCFA5B /* hiccup.caf in Resources */ = {isa = PBXBuildFile; fileRef = EBDD9C1020586F6800DCFA5B /* hiccup.caf */; };
		EBDD9C1920586F7A00DCFA5B /* hit.caf in Resources */ = {isa = PBXBuildFile; fileRef = EBDD9C0A20586F6800DCFA5B /* hit.caf */; };
		EBDD9C1A20586F7A00DCFA5B /* littledwarf.caf in Resources */ = {isa = PBXBuildFile; fileRef = EBDD9C0420586F6800DCFA5B /* littledwarf.caf */; };
		EBDD9C1B20586F7A00DCFA5B /* metal.caf in Resources */ = {isa = PBXBuildFile; fileRef = EBDD9C0C20586F6800DCFA5B /* metal.caf */; };
		EBDD9C1C20586F7A00DCFA5B /* morning.caf in Resources */ = {isa = PBXBuildFile; fileRef = EBDD9C0820586F6800DCFA5B /* morning.caf */; };
		EBDD9C1D20586F7A00DCFA5B /* oldhorn.caf in Resources */ = {isa = PBXBuildFile; fileRef = EBDD9C0520586F6800DCFA5B /* oldhorn.caf */; };
		EBDD9C1E20586F7A00DCFA5B /* pop.caf in Resources */ = {isa = PBXBuildFile; fileRef = EBDD9C0D20586F6800DCFA5B /* pop.caf */; };
		EBDD9C1F20586F7A00DCFA5B /* sadtrombone.caf in Resources */ = {isa = PBXBuildFile; fileRef = EBDD9C0F20586F6800DCFA5B /* sadtrombone.caf */; };
		EBF34779205821B6007E681F /* AppDelegate.m in Sources */ = {isa = PBXBuildFile; fileRef = EBF34778205821B6007E681F /* AppDelegate.m */; };
		EBF3477C205821B6007E681F /* ViewController.m in Sources */ = {isa = PBXBuildFile; fileRef = EBF3477B205821B6007E681F /* ViewController.m */; };
		EBF3477F205821B6007E681F /* Main.storyboard in Resources */ = {isa = PBXBuildFile; fileRef = EBF3477D205821B6007E681F /* Main.storyboard */; };
		EBF34781205821B6007E681F /* Assets.xcassets in Resources */ = {isa = PBXBuildFile; fileRef = EBF34780205821B6007E681F /* Assets.xcassets */; };
		EBF34784205821B6007E681F /* LaunchScreen.storyboard in Resources */ = {isa = PBXBuildFile; fileRef = EBF34782205821B6007E681F /* LaunchScreen.storyboard */; };
		EBF34787205821B6007E681F /* main.m in Sources */ = {isa = PBXBuildFile; fileRef = EBF34786205821B6007E681F /* main.m */; };
		EBF34791205821B6007E681F /* objc_exampleTests.m in Sources */ = {isa = PBXBuildFile; fileRef = EBF34790205821B6007E681F /* objc_exampleTests.m */; };
		EBF3479C205821B6007E681F /* objc_exampleUITests.m in Sources */ = {isa = PBXBuildFile; fileRef = EBF3479B205821B6007E681F /* objc_exampleUITests.m */; };
/* End PBXBuildFile section */

/* Begin PBXContainerItemProxy section */
		EBF3478D205821B6007E681F /* PBXContainerItemProxy */ = {
			isa = PBXContainerItemProxy;
			containerPortal = EBF3476C205821B5007E681F /* Project object */;
			proxyType = 1;
			remoteGlobalIDString = EBF34773205821B5007E681F;
			remoteInfo = "objc-example";
		};
		EBF34798205821B6007E681F /* PBXContainerItemProxy */ = {
			isa = PBXContainerItemProxy;
			containerPortal = EBF3476C205821B5007E681F /* Project object */;
			proxyType = 1;
			remoteGlobalIDString = EBF34773205821B5007E681F;
			remoteInfo = "objc-example";
		};
/* End PBXContainerItemProxy section */

/* Begin PBXCopyFilesBuildPhase section */
		EBCDA3C0209CA9C50070CF67 /* Embed Frameworks */ = {
			isa = PBXCopyFilesBuildPhase;
			buildActionMask = 2147483647;
			dstPath = "";
			dstSubfolderSpec = 10;
			files = (
				EBCDA3BF209CA9C50070CF67 /* InbeaconSdk.framework in Embed Frameworks */,
			);
			name = "Embed Frameworks";
			runOnlyForDeploymentPostprocessing = 0;
		};
/* End PBXCopyFilesBuildPhase section */

/* Begin PBXFileReference section */
		EBCDA3BA209CA9A10070CF67 /* InbeaconSdk.framework */ = {isa = PBXFileReference; lastKnownFileType = wrapper.framework; path = InbeaconSdk.framework; sourceTree = "<group>"; };
		EBDD9C0420586F6800DCFA5B /* littledwarf.caf */ = {isa = PBXFileReference; lastKnownFileType = file; path = littledwarf.caf; sourceTree = "<group>"; };
		EBDD9C0520586F6800DCFA5B /* oldhorn.caf */ = {isa = PBXFileReference; lastKnownFileType = file; path = oldhorn.caf; sourceTree = "<group>"; };
		EBDD9C0620586F6800DCFA5B /* attention.caf */ = {isa = PBXFileReference; lastKnownFileType = file; path = attention.caf; sourceTree = "<group>"; };
		EBDD9C0720586F6800DCFA5B /* cashregister.caf */ = {isa = PBXFileReference; lastKnownFileType = file; path = cashregister.caf; sourceTree = "<group>"; };
		EBDD9C0820586F6800DCFA5B /* morning.caf */ = {isa = PBXFileReference; lastKnownFileType = file; path = morning.caf; sourceTree = "<group>"; };
		EBDD9C0920586F6800DCFA5B /* boathorn.caf */ = {isa = PBXFileReference; lastKnownFileType = file; path = boathorn.caf; sourceTree = "<group>"; };
		EBDD9C0A20586F6800DCFA5B /* hit.caf */ = {isa = PBXFileReference; lastKnownFileType = file; path = hit.caf; sourceTree = "<group>"; };
		EBDD9C0B20586F6800DCFA5B /* ascendent.caf */ = {isa = PBXFileReference; lastKnownFileType = file; path = ascendent.caf; sourceTree = "<group>"; };
		EBDD9C0C20586F6800DCFA5B /* metal.caf */ = {isa = PBXFileReference; lastKnownFileType = file; path = metal.caf; sourceTree = "<group>"; };
		EBDD9C0D20586F6800DCFA5B /* pop.caf */ = {isa = PBXFileReference; lastKnownFileType = file; path = pop.caf; sourceTree = "<group>"; };
		EBDD9C0E20586F6800DCFA5B /* bling.caf */ = {isa = PBXFileReference; lastKnownFileType = file; path = bling.caf; sourceTree = "<group>"; };
		EBDD9C0F20586F6800DCFA5B /* sadtrombone.caf */ = {isa = PBXFileReference; lastKnownFileType = file; path = sadtrombone.caf; sourceTree = "<group>"; };
		EBDD9C1020586F6800DCFA5B /* hiccup.caf */ = {isa = PBXFileReference; lastKnownFileType = file; path = hiccup.caf; sourceTree = "<group>"; };
		EBDD9C1120586F6800DCFA5B /* demonstrative.caf */ = {isa = PBXFileReference; lastKnownFileType = file; path = demonstrative.caf; sourceTree = "<group>"; };
		EBF34774205821B5007E681F /* objc-example.app */ = {isa = PBXFileReference; explicitFileType = wrapper.application; includeInIndex = 0; path = "objc-example.app"; sourceTree = BUILT_PRODUCTS_DIR; };
		EBF34777205821B6007E681F /* AppDelegate.h */ = {isa = PBXFileReference; lastKnownFileType = sourcecode.c.h; path = AppDelegate.h; sourceTree = "<group>"; };
		EBF34778205821B6007E681F /* AppDelegate.m */ = {isa = PBXFileReference; lastKnownFileType = sourcecode.c.objc; path = AppDelegate.m; sourceTree = "<group>"; };
		EBF3477A205821B6007E681F /* ViewController.h */ = {isa = PBXFileReference; lastKnownFileType = sourcecode.c.h; path = ViewController.h; sourceTree = "<group>"; };
		EBF3477B205821B6007E681F /* ViewController.m */ = {isa = PBXFileReference; lastKnownFileType = sourcecode.c.objc; path = ViewController.m; sourceTree = "<group>"; };
		EBF3477E205821B6007E681F /* Base */ = {isa = PBXFileReference; lastKnownFileType = file.storyboard; name = Base; path = Base.lproj/Main.storyboard; sourceTree = "<group>"; };
		EBF34780205821B6007E681F /* Assets.xcassets */ = {isa = PBXFileReference; lastKnownFileType = folder.assetcatalog; path = Assets.xcassets; sourceTree = "<group>"; };
		EBF34783205821B6007E681F /* Base */ = {isa = PBXFileReference; lastKnownFileType = file.storyboard; name = Base; path = Base.lproj/LaunchScreen.storyboard; sourceTree = "<group>"; };
		EBF34785205821B6007E681F /* Info.plist */ = {isa = PBXFileReference; lastKnownFileType = text.plist.xml; path = Info.plist; sourceTree = "<group>"; };
		EBF34786205821B6007E681F /* main.m */ = {isa = PBXFileReference; lastKnownFileType = sourcecode.c.objc; path = main.m; sourceTree = "<group>"; };
		EBF3478C205821B6007E681F /* objc-exampleTests.xctest */ = {isa = PBXFileReference; explicitFileType = wrapper.cfbundle; includeInIndex = 0; path = "objc-exampleTests.xctest"; sourceTree = BUILT_PRODUCTS_DIR; };
		EBF34790205821B6007E681F /* objc_exampleTests.m */ = {isa = PBXFileReference; lastKnownFileType = sourcecode.c.objc; path = objc_exampleTests.m; sourceTree = "<group>"; };
		EBF34792205821B6007E681F /* Info.plist */ = {isa = PBXFileReference; lastKnownFileType = text.plist.xml; path = Info.plist; sourceTree = "<group>"; };
		EBF34797205821B6007E681F /* objc-exampleUITests.xctest */ = {isa = PBXFileReference; explicitFileType = wrapper.cfbundle; includeInIndex = 0; path = "objc-exampleUITests.xctest"; sourceTree = BUILT_PRODUCTS_DIR; };
		EBF3479B205821B6007E681F /* objc_exampleUITests.m */ = {isa = PBXFileReference; lastKnownFileType = sourcecode.c.objc; path = objc_exampleUITests.m; sourceTree = "<group>"; };
		EBF3479D205821B6007E681F /* Info.plist */ = {isa = PBXFileReference; lastKnownFileType = text.plist.xml; path = Info.plist; sourceTree = "<group>"; };
/* End PBXFileReference section */

/* Begin PBXFrameworksBuildPhase section */
		EBF34771205821B5007E681F /* Frameworks */ = {
			isa = PBXFrameworksBuildPhase;
			buildActionMask = 2147483647;
			files = (
				EBCDA3BE209CA9C50070CF67 /* InbeaconSdk.framework in Frameworks */,
			);
			runOnlyForDeploymentPostprocessing = 0;
		};
		EBF34789205821B6007E681F /* Frameworks */ = {
			isa = PBXFrameworksBuildPhase;
			buildActionMask = 2147483647;
			files = (
			);
			runOnlyForDeploymentPostprocessing = 0;
		};
		EBF34794205821B6007E681F /* Frameworks */ = {
			isa = PBXFrameworksBuildPhase;
			buildActionMask = 2147483647;
			files = (
			);
			runOnlyForDeploymentPostprocessing = 0;
		};
/* End PBXFrameworksBuildPhase section */

/* Begin PBXGroup section */
		EBDD9C0320586F0A00DCFA5B /* resources */ = {
			isa = PBXGroup;
			children = (
				EBDD9C0B20586F6800DCFA5B /* ascendent.caf */,
				EBDD9C0620586F6800DCFA5B /* attention.caf */,
				EBDD9C0E20586F6800DCFA5B /* bling.caf */,
				EBDD9C0920586F6800DCFA5B /* boathorn.caf */,
				EBDD9C0720586F6800DCFA5B /* cashregister.caf */,
				EBDD9C1120586F6800DCFA5B /* demonstrative.caf */,
				EBDD9C1020586F6800DCFA5B /* hiccup.caf */,
				EBDD9C0A20586F6800DCFA5B /* hit.caf */,
				EBDD9C0420586F6800DCFA5B /* littledwarf.caf */,
				EBDD9C0C20586F6800DCFA5B /* metal.caf */,
				EBDD9C0820586F6800DCFA5B /* morning.caf */,
				EBDD9C0520586F6800DCFA5B /* oldhorn.caf */,
				EBDD9C0D20586F6800DCFA5B /* pop.caf */,
				EBDD9C0F20586F6800DCFA5B /* sadtrombone.caf */,
			);
			path = resources;
			sourceTree = "<group>";
		};
		EBF3476B205821B5007E681F = {
			isa = PBXGroup;
			children = (
				EBCDA3BA209CA9A10070CF67 /* InbeaconSdk.framework */,
				EBDD9C0320586F0A00DCFA5B /* resources */,
				EBF34776205821B5007E681F /* objc-example */,
				EBF3478F205821B6007E681F /* objc-exampleTests */,
				EBF3479A205821B6007E681F /* objc-exampleUITests */,
				EBF34775205821B5007E681F /* Products */,
			);
			sourceTree = "<group>";
		};
		EBF34775205821B5007E681F /* Products */ = {
			isa = PBXGroup;
			children = (
				EBF34774205821B5007E681F /* objc-example.app */,
				EBF3478C205821B6007E681F /* objc-exampleTests.xctest */,
				EBF34797205821B6007E681F /* objc-exampleUITests.xctest */,
			);
			name = Products;
			sourceTree = "<group>";
		};
		EBF34776205821B5007E681F /* objc-example */ = {
			isa = PBXGroup;
			children = (
				EBF34777205821B6007E681F /* AppDelegate.h */,
				EBF34778205821B6007E681F /* AppDelegate.m */,
				EBF3477A205821B6007E681F /* ViewController.h */,
				EBF3477B205821B6007E681F /* ViewController.m */,
				EBF3477D205821B6007E681F /* Main.storyboard */,
				EBF34780205821B6007E681F /* Assets.xcassets */,
				EBF34782205821B6007E681F /* LaunchScreen.storyboard */,
				EBF34785205821B6007E681F /* Info.plist */,
				EBF34786205821B6007E681F /* main.m */,
			);
			path = "objc-example";
			sourceTree = "<group>";
		};
		EBF3478F205821B6007E681F /* objc-exampleTests */ = {
			isa = PBXGroup;
			children = (
				EBF34790205821B6007E681F /* objc_exampleTests.m */,
				EBF34792205821B6007E681F /* Info.plist */,
			);
			path = "objc-exampleTests";
			sourceTree = "<group>";
		};
		EBF3479A205821B6007E681F /* objc-exampleUITests */ = {
			isa = PBXGroup;
			children = (
				EBF3479B205821B6007E681F /* objc_exampleUITests.m */,
				EBF3479D205821B6007E681F /* Info.plist */,
			);
			path = "objc-exampleUITests";
			sourceTree = "<group>";
		};
/* End PBXGroup section */

/* Begin PBXNativeTarget section */
		EBF34773205821B5007E681F /* objc-example */ = {
			isa = PBXNativeTarget;
			buildConfigurationList = EBF347A0205821B6007E681F /* Build configuration list for PBXNativeTarget "objc-example" */;
			buildPhases = (
				EBF34770205821B5007E681F /* Sources */,
				EBF34771205821B5007E681F /* Frameworks */,
				EBF34772205821B5007E681F /* Resources */,
				EBCDA3C0209CA9C50070CF67 /* Embed Frameworks */,
			);
			buildRules = (
			);
			dependencies = (
			);
			name = "objc-example";
			productName = "objc-example";
			productReference = EBF34774205821B5007E681F /* objc-example.app */;
			productType = "com.apple.product-type.application";
		};
		EBF3478B205821B6007E681F /* objc-exampleTests */ = {
			isa = PBXNativeTarget;
			buildConfigurationList = EBF347A3205821B6007E681F /* Build configuration list for PBXNativeTarget "objc-exampleTests" */;
			buildPhases = (
				EBF34788205821B6007E681F /* Sources */,
				EBF34789205821B6007E681F /* Frameworks */,
				EBF3478A205821B6007E681F /* Resources */,
			);
			buildRules = (
			);
			dependencies = (
				EBF3478E205821B6007E681F /* PBXTargetDependency */,
			);
			name = "objc-exampleTests";
			productName = "objc-exampleTests";
			productReference = EBF3478C205821B6007E681F /* objc-exampleTests.xctest */;
			productType = "com.apple.product-type.bundle.unit-test";
		};
		EBF34796205821B6007E681F /* objc-exampleUITests */ = {
			isa = PBXNativeTarget;
			buildConfigurationList = EBF347A6205821B6007E681F /* Build configuration list for PBXNativeTarget "objc-exampleUITests" */;
			buildPhases = (
				EBF34793205821B6007E681F /* Sources */,
				EBF34794205821B6007E681F /* Frameworks */,
				EBF34795205821B6007E681F /* Resources */,
			);
			buildRules = (
			);
			dependencies = (
				EBF34799205821B6007E681F /* PBXTargetDependency */,
			);
			name = "objc-exampleUITests";
			productName = "objc-exampleUITests";
			productReference = EBF34797205821B6007E681F /* objc-exampleUITests.xctest */;
			productType = "com.apple.product-type.bundle.ui-testing";
		};
/* End PBXNativeTarget section */

/* Begin PBXProject section */
		EBF3476C205821B5007E681F /* Project object */ = {
			isa = PBXProject;
			attributes = {
				LastUpgradeCheck = 0920;
				ORGANIZATIONNAME = rvw;
				TargetAttributes = {
					EBF34773205821B5007E681F = {
						CreatedOnToolsVersion = 9.2;
						ProvisioningStyle = Manual;
					};
					EBF3478B205821B6007E681F = {
						CreatedOnToolsVersion = 9.2;
						ProvisioningStyle = Automatic;
						TestTargetID = EBF34773205821B5007E681F;
					};
					EBF34796205821B6007E681F = {
						CreatedOnToolsVersion = 9.2;
						ProvisioningStyle = Automatic;
						TestTargetID = EBF34773205821B5007E681F;
					};
				};
			};
			buildConfigurationList = EBF3476F205821B5007E681F /* Build configuration list for PBXProject "objc-example" */;
			compatibilityVersion = "Xcode 8.0";
			developmentRegion = en;
			hasScannedForEncodings = 0;
			knownRegions = (
				en,
				Base,
			);
			mainGroup = EBF3476B205821B5007E681F;
			productRefGroup = EBF34775205821B5007E681F /* Products */;
			projectDirPath = "";
			projectRoot = "";
			targets = (
				EBF34773205821B5007E681F /* objc-example */,
				EBF3478B205821B6007E681F /* objc-exampleTests */,
				EBF34796205821B6007E681F /* objc-exampleUITests */,
			);
		};
/* End PBXProject section */

/* Begin PBXResourcesBuildPhase section */
		EBF34772205821B5007E681F /* Resources */ = {
			isa = PBXResourcesBuildPhase;
			buildActionMask = 2147483647;
			files = (
				EBDD9C1220586F7A00DCFA5B /* ascendent.caf in Resources */,
				EBDD9C1320586F7A00DCFA5B /* attention.caf in Resources */,
				EBDD9C1420586F7A00DCFA5B /* bling.caf in Resources */,
				EBDD9C1520586F7A00DCFA5B /* boathorn.caf in Resources */,
				EBDD9C1620586F7A00DCFA5B /* cashregister.caf in Resources */,
				EBDD9C1720586F7A00DCFA5B /* demonstrative.caf in Resources */,
				EBDD9C1820586F7A00DCFA5B /* hiccup.caf in Resources */,
				EBDD9C1920586F7A00DCFA5B /* hit.caf in Resources */,
				EBDD9C1A20586F7A00DCFA5B /* littledwarf.caf in Resources */,
				EBDD9C1B20586F7A00DCFA5B /* metal.caf in Resources */,
				EBDD9C1C20586F7A00DCFA5B /* morning.caf in Resources */,
				EBDD9C1D20586F7A00DCFA5B /* oldhorn.caf in Resources */,
				EBDD9C1E20586F7A00DCFA5B /* pop.caf in Resources */,
				EBDD9C1F20586F7A00DCFA5B /* sadtrombone.caf in Resources */,
				EBF34784205821B6007E681F /* LaunchScreen.storyboard in Resources */,
				EBF34781205821B6007E681F /* Assets.xcassets in Resources */,
				EBF3477F205821B6007E681F /* Main.storyboard in Resources */,
			);
			runOnlyForDeploymentPostprocessing = 0;
		};
		EBF3478A205821B6007E681F /* Resources */ = {
			isa = PBXResourcesBuildPhase;
			buildActionMask = 2147483647;
			files = (
			);
			runOnlyForDeploymentPostprocessing = 0;
		};
		EBF34795205821B6007E681F /* Resources */ = {
			isa = PBXResourcesBuildPhase;
			buildActionMask = 2147483647;
			files = (
			);
			runOnlyForDeploymentPostprocessing = 0;
		};
/* End PBXResourcesBuildPhase section */

/* Begin PBXSourcesBuildPhase section */
		EBF34770205821B5007E681F /* Sources */ = {
			isa = PBXSourcesBuildPhase;
			buildActionMask = 2147483647;
			files = (
				EBF3477C205821B6007E681F /* ViewController.m in Sources */,
				EBF34787205821B6007E681F /* main.m in Sources */,
				EBF34779205821B6007E681F /* AppDelegate.m in Sources */,
			);
			runOnlyForDeploymentPostprocessing = 0;
		};
		EBF34788205821B6007E681F /* Sources */ = {
			isa = PBXSourcesBuildPhase;
			buildActionMask = 2147483647;
			files = (
				EBF34791205821B6007E681F /* objc_exampleTests.m in Sources */,
			);
			runOnlyForDeploymentPostprocessing = 0;
		};
		EBF34793205821B6007E681F /* Sources */ = {
			isa = PBXSourcesBuildPhase;
			buildActionMask = 2147483647;
			files = (
				EBF3479C205821B6007E681F /* objc_exampleUITests.m in Sources */,
			);
			runOnlyForDeploymentPostprocessing = 0;
		};
/* End PBXSourcesBuildPhase section */

/* Begin PBXTargetDependency section */
		EBF3478E205821B6007E681F /* PBXTargetDependency */ = {
			isa = PBXTargetDependency;
			target = EBF34773205821B5007E681F /* objc-example */;
			targetProxy = EBF3478D205821B6007E681F /* PBXContainerItemProxy */;
		};
		EBF34799205821B6007E681F /* PBXTargetDependency */ = {
			isa = PBXTargetDependency;
			target = EBF34773205821B5007E681F /* objc-example */;
			targetProxy = EBF34798205821B6007E681F /* PBXContainerItemProxy */;
		};
/* End PBXTargetDependency section */

/* Begin PBXVariantGroup section */
		EBF3477D205821B6007E681F /* Main.storyboard */ = {
			isa = PBXVariantGroup;
			children = (
				EBF3477E205821B6007E681F /* Base */,
			);
			name = Main.storyboard;
			sourceTree = "<group>";
		};
		EBF34782205821B6007E681F /* LaunchScreen.storyboard */ = {
			isa = PBXVariantGroup;
			children = (
				EBF34783205821B6007E681F /* Base */,
			);
			name = LaunchScreen.storyboard;
			sourceTree = "<group>";
		};
/* End PBXVariantGroup section */

/* Begin XCBuildConfiguration section */
		EBF3479E205821B6007E681F /* Debug */ = {
			isa = XCBuildConfiguration;
			buildSettings = {
				ALWAYS_SEARCH_USER_PATHS = NO;
				CLANG_ANALYZER_NONNULL = YES;
				CLANG_ANALYZER_NUMBER_OBJECT_CONVERSION = YES_AGGRESSIVE;
				CLANG_CXX_LANGUAGE_STANDARD = "gnu++14";
				CLANG_CXX_LIBRARY = "libc++";
				CLANG_ENABLE_MODULES = YES;
				CLANG_ENABLE_OBJC_ARC = YES;
				CLANG_WARN_BLOCK_CAPTURE_AUTORELEASING = YES;
				CLANG_WARN_BOOL_CONVERSION = YES;
				CLANG_WARN_COMMA = YES;
				CLANG_WARN_CONSTANT_CONVERSION = YES;
				CLANG_WARN_DIRECT_OBJC_ISA_USAGE = YES_ERROR;
				CLANG_WARN_DOCUMENTATION_COMMENTS = YES;
				CLANG_WARN_EMPTY_BODY = YES;
				CLANG_WARN_ENUM_CONVERSION = YES;
				CLANG_WARN_INFINITE_RECURSION = YES;
				CLANG_WARN_INT_CONVERSION = YES;
				CLANG_WARN_NON_LITERAL_NULL_CONVERSION = YES;
				CLANG_WARN_OBJC_LITERAL_CONVERSION = YES;
				CLANG_WARN_OBJC_ROOT_CLASS = YES_ERROR;
				CLANG_WARN_RANGE_LOOP_ANALYSIS = YES;
				CLANG_WARN_STRICT_PROTOTYPES = YES;
				CLANG_WARN_SUSPICIOUS_MOVE = YES;
				CLANG_WARN_UNGUARDED_AVAILABILITY = YES_AGGRESSIVE;
				CLANG_WARN_UNREACHABLE_CODE = YES;
				CLANG_WARN__DUPLICATE_METHOD_MATCH = YES;
				CODE_SIGN_IDENTITY = "iPhone Developer";
				COPY_PHASE_STRIP = NO;
				DEBUG_INFORMATION_FORMAT = dwarf;
				ENABLE_STRICT_OBJC_MSGSEND = YES;
				ENABLE_TESTABILITY = YES;
				GCC_C_LANGUAGE_STANDARD = gnu11;
				GCC_DYNAMIC_NO_PIC = NO;
				GCC_NO_COMMON_BLOCKS = YES;
				GCC_OPTIMIZATION_LEVEL = 0;
				GCC_PREPROCESSOR_DEFINITIONS = (
					"DEBUG=1",
					"$(inherited)",
				);
				GCC_WARN_64_TO_32_BIT_CONVERSION = YES;
				GCC_WARN_ABOUT_RETURN_TYPE = YES_ERROR;
				GCC_WARN_UNDECLARED_SELECTOR = YES;
				GCC_WARN_UNINITIALIZED_AUTOS = YES_AGGRESSIVE;
				GCC_WARN_UNUSED_FUNCTION = YES;
				GCC_WARN_UNUSED_VARIABLE = YES;
				IPHONEOS_DEPLOYMENT_TARGET = 11.2;
				MTL_ENABLE_DEBUG_INFO = YES;
				ONLY_ACTIVE_ARCH = YES;
				SDKROOT = iphoneos;
			};
			name = Debug;
		};
		EBF3479F205821B6007E681F /* Release */ = {
			isa = XCBuildConfiguration;
			buildSettings = {
				ALWAYS_SEARCH_USER_PATHS = NO;
				CLANG_ANALYZER_NONNULL = YES;
				CLANG_ANALYZER_NUMBER_OBJECT_CONVERSION = YES_AGGRESSIVE;
				CLANG_CXX_LANGUAGE_STANDARD = "gnu++14";
				CLANG_CXX_LIBRARY = "libc++";
				CLANG_ENABLE_MODULES = YES;
				CLANG_ENABLE_OBJC_ARC = YES;
				CLANG_WARN_BLOCK_CAPTURE_AUTORELEASING = YES;
				CLANG_WARN_BOOL_CONVERSION = YES;
				CLANG_WARN_COMMA = YES;
				CLANG_WARN_CONSTANT_CONVERSION = YES;
				CLANG_WARN_DIRECT_OBJC_ISA_USAGE = YES_ERROR;
				CLANG_WARN_DOCUMENTATION_COMMENTS = YES;
				CLANG_WARN_EMPTY_BODY = YES;
				CLANG_WARN_ENUM_CONVERSION = YES;
				CLANG_WARN_INFINITE_RECURSION = YES;
				CLANG_WARN_INT_CONVERSION = YES;
				CLANG_WARN_NON_LITERAL_NULL_CONVERSION = YES;
				CLANG_WARN_OBJC_LITERAL_CONVERSION = YES;
				CLANG_WARN_OBJC_ROOT_CLASS = YES_ERROR;
				CLANG_WARN_RANGE_LOOP_ANALYSIS = YES;
				CLANG_WARN_STRICT_PROTOTYPES = YES;
				CLANG_WARN_SUSPICIOUS_MOVE = YES;
				CLANG_WARN_UNGUARDED_AVAILABILITY = YES_AGGRESSIVE;
				CLANG_WARN_UNREACHABLE_CODE = YES;
				CLANG_WARN__DUPLICATE_METHOD_MATCH = YES;
				CODE_SIGN_IDENTITY = "iPhone Developer";
				COPY_PHASE_STRIP = NO;
				DEBUG_INFORMATION_FORMAT = "dwarf-with-dsym";
				ENABLE_NS_ASSERTIONS = NO;
				ENABLE_STRICT_OBJC_MSGSEND = YES;
				GCC_C_LANGUAGE_STANDARD = gnu11;
				GCC_NO_COMMON_BLOCKS = YES;
				GCC_WARN_64_TO_32_BIT_CONVERSION = YES;
				GCC_WARN_ABOUT_RETURN_TYPE = YES_ERROR;
				GCC_WARN_UNDECLARED_SELECTOR = YES;
				GCC_WARN_UNINITIALIZED_AUTOS = YES_AGGRESSIVE;
				GCC_WARN_UNUSED_FUNCTION = YES;
				GCC_WARN_UNUSED_VARIABLE = YES;
				IPHONEOS_DEPLOYMENT_TARGET = 11.2;
				MTL_ENABLE_DEBUG_INFO = NO;
				SDKROOT = iphoneos;
				VALIDATE_PRODUCT = YES;
			};
			name = Release;
		};
		EBF347A1205821B6007E681F /* Debug */ = {
			isa = XCBuildConfiguration;
			buildSettings = {
				ASSETCATALOG_COMPILER_APPICON_NAME = AppIcon;
				CODE_SIGN_STYLE = Manual;
				DEVELOPMENT_TEAM = P7VV72C239;
				FRAMEWORK_SEARCH_PATHS = (
					"$(inherited)",
					"$(PROJECT_DIR)",
					"$(PROJECT_DIR)/resources",
				);
				INFOPLIST_FILE = "objc-example/Info.plist";
				IPHONEOS_DEPLOYMENT_TARGET = 10.0;
				LD_RUNPATH_SEARCH_PATHS = "$(inherited) @executable_path/Frameworks";
				PRODUCT_BUNDLE_IDENTIFIER = "com.innovader.objc-example";
				PRODUCT_NAME = "$(TARGET_NAME)";
				PROVISIONING_PROFILE = "57a497b5-d940-400c-ab06-4fbfb95bb295";
				PROVISIONING_PROFILE_SPECIFIER = "innovader wildcard 03-2018";
				TARGETED_DEVICE_FAMILY = "1,2";
			};
			name = Debug;
		};
		EBF347A2205821B6007E681F /* Release */ = {
			isa = XCBuildConfiguration;
			buildSettings = {
				ASSETCATALOG_COMPILER_APPICON_NAME = AppIcon;
				CODE_SIGN_STYLE = Manual;
				DEVELOPMENT_TEAM = P7VV72C239;
				FRAMEWORK_SEARCH_PATHS = (
					"$(inherited)",
					"$(PROJECT_DIR)",
					"$(PROJECT_DIR)/resources",
				);
				INFOPLIST_FILE = "objc-example/Info.plist";
				IPHONEOS_DEPLOYMENT_TARGET = 10.0;
				LD_RUNPATH_SEARCH_PATHS = "$(inherited) @executable_path/Frameworks";
				PRODUCT_BUNDLE_IDENTIFIER = "com.innovader.objc-example";
				PRODUCT_NAME = "$(TARGET_NAME)";
				PROVISIONING_PROFILE = "57a497b5-d940-400c-ab06-4fbfb95bb295";
				PROVISIONING_PROFILE_SPECIFIER = "innovader wildcard 03-2018";
				TARGETED_DEVICE_FAMILY = "1,2";
			};
			name = Release;
		};
		EBF347A4205821B6007E681F /* Debug */ = {
			isa = XCBuildConfiguration;
			buildSettings = {
				BUNDLE_LOADER = "$(TEST_HOST)";
				CODE_SIGN_STYLE = Automatic;
				DEVELOPMENT_TEAM = P7VV72C239;
				INFOPLIST_FILE = "objc-exampleTests/Info.plist";
				LD_RUNPATH_SEARCH_PATHS = "$(inherited) @executable_path/Frameworks @loader_path/Frameworks";
				PRODUCT_BUNDLE_IDENTIFIER = "com.innovader.objc-example.objc-exampleTests";
				PRODUCT_NAME = "$(TARGET_NAME)";
				TARGETED_DEVICE_FAMILY = "1,2";
				TEST_HOST = "$(BUILT_PRODUCTS_DIR)/objc-example.app/objc-example";
			};
			name = Debug;
		};
		EBF347A5205821B6007E681F /* Release */ = {
			isa = XCBuildConfiguration;
			buildSettings = {
				BUNDLE_LOADER = "$(TEST_HOST)";
				CODE_SIGN_STYLE = Automatic;
				DEVELOPMENT_TEAM = P7VV72C239;
				INFOPLIST_FILE = "objc-exampleTests/Info.plist";
				LD_RUNPATH_SEARCH_PATHS = "$(inherited) @executable_path/Frameworks @loader_path/Frameworks";
				PRODUCT_BUNDLE_IDENTIFIER = "com.innovader.objc-example.objc-exampleTests";
				PRODUCT_NAME = "$(TARGET_NAME)";
				TARGETED_DEVICE_FAMILY = "1,2";
				TEST_HOST = "$(BUILT_PRODUCTS_DIR)/objc-example.app/objc-example";
			};
			name = Release;
		};
		EBF347A7205821B6007E681F /* Debug */ = {
			isa = XCBuildConfiguration;
			buildSettings = {
				CODE_SIGN_STYLE = Automatic;
				DEVELOPMENT_TEAM = P7VV72C239;
				INFOPLIST_FILE = "objc-exampleUITests/Info.plist";
				LD_RUNPATH_SEARCH_PATHS = "$(inherited) @executable_path/Frameworks @loader_path/Frameworks";
				PRODUCT_BUNDLE_IDENTIFIER = "com.innovader.objc-example.objc-exampleUITests";
				PRODUCT_NAME = "$(TARGET_NAME)";
				TARGETED_DEVICE_FAMILY = "1,2";
				TEST_TARGET_NAME = "objc-example";
			};
			name = Debug;
		};
		EBF347A8205821B6007E681F /* Release */ = {
			isa = XCBuildConfiguration;
			buildSettings = {
				CODE_SIGN_STYLE = Automatic;
				DEVELOPMENT_TEAM = P7VV72C239;
				INFOPLIST_FILE = "objc-exampleUITests/Info.plist";
				LD_RUNPATH_SEARCH_PATHS = "$(inherited) @executable_path/Frameworks @loader_path/Frameworks";
				PRODUCT_BUNDLE_IDENTIFIER = "com.innovader.objc-example.objc-exampleUITests";
				PRODUCT_NAME = "$(TARGET_NAME)";
				TARGETED_DEVICE_FAMILY = "1,2";
				TEST_TARGET_NAME = "objc-example";
			};
			name = Release;
		};
/* End XCBuildConfiguration section */

/* Begin XCConfigurationList section */
		EBF3476F205821B5007E681F /* Build configuration list for PBXProject "objc-example" */ = {
			isa = XCConfigurationList;
			buildConfigurations = (
				EBF3479E205821B6007E681F /* Debug */,
				EBF3479F205821B6007E681F /* Release */,
			);
			defaultConfigurationIsVisible = 0;
			defaultConfigurationName = Release;
		};
		EBF347A0205821B6007E681F /* Build configuration list for PBXNativeTarget "objc-example" */ = {
			isa = XCConfigurationList;
			buildConfigurations = (
				EBF347A1205821B6007E681F /* Debug */,
				EBF347A2205821B6007E681F /* Release */,
			);
			defaultConfigurationIsVisible = 0;
			defaultConfigurationName = Release;
		};
		EBF347A3205821B6007E681F /* Build configuration list for PBXNativeTarget "objc-exampleTests" */ = {
			isa = XCConfigurationList;
			buildConfigurations = (
				EBF347A4205821B6007E681F /* Debug */,
				EBF347A5205821B6007E681F /* Release */,
			);
			defaultConfigurationIsVisible = 0;
			defaultConfigurationName = Release;
		};
		EBF347A6205821B6007E681F /* Build configuration list for PBXNativeTarget "objc-exampleUITests" */ = {
			isa = XCConfigurationList;
			buildConfigurations = (
				EBF347A7205821B6007E681F /* Debug */,
				EBF347A8205821B6007E681F /* Release */,
			);
			defaultConfigurationIsVisible = 0;
			defaultConfigurationName = Release;
		};
/* End XCConfigurationList section */
	};
	rootObject = EBF3476C205821B5007E681F /* Project object */;
}
