// !$*UTF8*$!
{
	archiveVersion = 1;
	classes = {
	};
	objectVersion = 46;
	objects = {

/* Begin PBXBuildFile section */
		EB224CAA1CA0B75E00BAB5B5 /* AppDelegate.swift in Sources */ = {isa = PBXBuildFile; fileRef = EB224CA91CA0B75E00BAB5B5 /* AppDelegate.swift */; };
		EB224CAC1CA0B75E00BAB5B5 /* ViewController.swift in Sources */ = {isa = PBXBuildFile; fileRef = EB224CAB1CA0B75E00BAB5B5 /* ViewController.swift */; };
		EB224CAF1CA0B75E00BAB5B5 /* Main.storyboard in Resources */ = {isa = PBXBuildFile; fileRef = EB224CAD1CA0B75E00BAB5B5 /* Main.storyboard */; };
		EB224CB11CA0B75E00BAB5B5 /* Assets.xcassets in Resources */ = {isa = PBXBuildFile; fileRef = EB224CB01CA0B75E00BAB5B5 /* Assets.xcassets */; };
		EB224CB41CA0B75E00BAB5B5 /* LaunchScreen.storyboard in Resources */ = {isa = PBXBuildFile; fileRef = EB224CB21CA0B75E00BAB5B5 /* LaunchScreen.storyboard */; };
		EB224CBF1CA0B75E00BAB5B5 /* swift_testTests.swift in Sources */ = {isa = PBXBuildFile; fileRef = EB224CBE1CA0B75E00BAB5B5 /* swift_testTests.swift */; };
		EB5187C71D2AC2B000DD3632 /* ascendent.caf in Resources */ = {isa = PBXBuildFile; fileRef = EB5187B11D2AC2B000DD3632 /* ascendent.caf */; };
		EB5187C81D2AC2B000DD3632 /* attention.caf in Resources */ = {isa = PBXBuildFile; fileRef = EB5187B21D2AC2B000DD3632 /* attention.caf */; };
		EB5187C91D2AC2B000DD3632 /* bling.caf in Resources */ = {isa = PBXBuildFile; fileRef = EB5187B31D2AC2B000DD3632 /* bling.caf */; };
		EB5187CA1D2AC2B000DD3632 /* boathorn.caf in Resources */ = {isa = PBXBuildFile; fileRef = EB5187B41D2AC2B000DD3632 /* boathorn.caf */; };
		EB5187CB1D2AC2B000DD3632 /* cashregister.caf in Resources */ = {isa = PBXBuildFile; fileRef = EB5187B51D2AC2B000DD3632 /* cashregister.caf */; };
		EB5187D11D2AC2B000DD3632 /* demonstrative.caf in Resources */ = {isa = PBXBuildFile; fileRef = EB5187BB1D2AC2B000DD3632 /* demonstrative.caf */; };
		EB5187D21D2AC2B000DD3632 /* hiccup.caf in Resources */ = {isa = PBXBuildFile; fileRef = EB5187BC1D2AC2B000DD3632 /* hiccup.caf */; };
		EB5187D31D2AC2B000DD3632 /* hit.caf in Resources */ = {isa = PBXBuildFile; fileRef = EB5187BD1D2AC2B000DD3632 /* hit.caf */; };
		EB5187D41D2AC2B000DD3632 /* littledwarf.caf in Resources */ = {isa = PBXBuildFile; fileRef = EB5187BE1D2AC2B000DD3632 /* littledwarf.caf */; };
		EB5187D51D2AC2B000DD3632 /* metal.caf in Resources */ = {isa = PBXBuildFile; fileRef = EB5187BF1D2AC2B000DD3632 /* metal.caf */; };
		EB5187D61D2AC2B100DD3632 /* morning.caf in Resources */ = {isa = PBXBuildFile; fileRef = EB5187C01D2AC2B000DD3632 /* morning.caf */; };
		EB5187D81D2AC2B100DD3632 /* oldhorn.caf in Resources */ = {isa = PBXBuildFile; fileRef = EB5187C21D2AC2B000DD3632 /* oldhorn.caf */; };
		EB5187D91D2AC2B100DD3632 /* pop.caf in Resources */ = {isa = PBXBuildFile; fileRef = EB5187C31D2AC2B000DD3632 /* pop.caf */; };
		EB5187DB1D2AC2B100DD3632 /* sadtrombone.caf in Resources */ = {isa = PBXBuildFile; fileRef = EB5187C51D2AC2B000DD3632 /* sadtrombone.caf */; };
		EBCDA3C3209CAB740070CF67 /* InbeaconSdk.framework in Frameworks */ = {isa = PBXBuildFile; fileRef = EBCDA3C1209CAB550070CF67 /* InbeaconSdk.framework */; };
		EBCDA3C4209CAB740070CF67 /* InbeaconSdk.framework in Embed Frameworks */ = {isa = PBXBuildFile; fileRef = EBCDA3C1209CAB550070CF67 /* InbeaconSdk.framework */; settings = {ATTRIBUTES = (CodeSignOnCopy, RemoveHeadersOnCopy, ); }; };
/* End PBXBuildFile section */

/* Begin PBXContainerItemProxy section */
		EB224CBB1CA0B75E00BAB5B5 /* PBXContainerItemProxy */ = {
			isa = PBXContainerItemProxy;
			containerPortal = EB224C9E1CA0B75E00BAB5B5 /* Project object */;
			proxyType = 1;
			remoteGlobalIDString = EB224CA51CA0B75E00BAB5B5;
			remoteInfo = "swift-test";
		};
/* End PBXContainerItemProxy section */

/* Begin PBXCopyFilesBuildPhase section */
		EB447E45206E8C9D00BEB852 /* Embed Frameworks */ = {
			isa = PBXCopyFilesBuildPhase;
			buildActionMask = 2147483647;
			dstPath = "";
			dstSubfolderSpec = 10;
			files = (
				EBCDA3C4209CAB740070CF67 /* InbeaconSdk.framework in Embed Frameworks */,
			);
			name = "Embed Frameworks";
			runOnlyForDeploymentPostprocessing = 0;
		};
/* End PBXCopyFilesBuildPhase section */

/* Begin PBXFileReference section */
		EB224CA61CA0B75E00BAB5B5 /* swift-example.app */ = {isa = PBXFileReference; explicitFileType = wrapper.application; includeInIndex = 0; path = "swift-example.app"; sourceTree = BUILT_PRODUCTS_DIR; };
		EB224CA91CA0B75E00BAB5B5 /* AppDelegate.swift */ = {isa = PBXFileReference; lastKnownFileType = sourcecode.swift; path = AppDelegate.swift; sourceTree = "<group>"; };
		EB224CAB1CA0B75E00BAB5B5 /* ViewController.swift */ = {isa = PBXFileReference; lastKnownFileType = sourcecode.swift; path = ViewController.swift; sourceTree = "<group>"; };
		EB224CAE1CA0B75E00BAB5B5 /* Base */ = {isa = PBXFileReference; lastKnownFileType = file.storyboard; name = Base; path = Base.lproj/Main.storyboard; sourceTree = "<group>"; };
		EB224CB01CA0B75E00BAB5B5 /* Assets.xcassets */ = {isa = PBXFileReference; lastKnownFileType = folder.assetcatalog; path = Assets.xcassets; sourceTree = "<group>"; };
		EB224CB31CA0B75E00BAB5B5 /* Base */ = {isa = PBXFileReference; lastKnownFileType = file.storyboard; name = Base; path = Base.lproj/LaunchScreen.storyboard; sourceTree = "<group>"; };
		EB224CB51CA0B75E00BAB5B5 /* Info.plist */ = {isa = PBXFileReference; lastKnownFileType = text.plist.xml; path = Info.plist; sourceTree = "<group>"; };
		EB224CBA1CA0B75E00BAB5B5 /* swift-example.xctest */ = {isa = PBXFileReference; explicitFileType = wrapper.cfbundle; includeInIndex = 0; path = "swift-example.xctest"; sourceTree = BUILT_PRODUCTS_DIR; };
		EB224CBE1CA0B75E00BAB5B5 /* swift_testTests.swift */ = {isa = PBXFileReference; lastKnownFileType = sourcecode.swift; path = swift_testTests.swift; sourceTree = "<group>"; };
		EB224CC01CA0B75E00BAB5B5 /* Info.plist */ = {isa = PBXFileReference; lastKnownFileType = text.plist.xml; path = Info.plist; sourceTree = "<group>"; };
		EB5187B11D2AC2B000DD3632 /* ascendent.caf */ = {isa = PBXFileReference; lastKnownFileType = file; path = ascendent.caf; sourceTree = "<group>"; };
		EB5187B21D2AC2B000DD3632 /* attention.caf */ = {isa = PBXFileReference; lastKnownFileType = file; path = attention.caf; sourceTree = "<group>"; };
		EB5187B31D2AC2B000DD3632 /* bling.caf */ = {isa = PBXFileReference; lastKnownFileType = file; path = bling.caf; sourceTree = "<group>"; };
		EB5187B41D2AC2B000DD3632 /* boathorn.caf */ = {isa = PBXFileReference; lastKnownFileType = file; path = boathorn.caf; sourceTree = "<group>"; };
		EB5187B51D2AC2B000DD3632 /* cashregister.caf */ = {isa = PBXFileReference; lastKnownFileType = file; path = cashregister.caf; sourceTree = "<group>"; };
		EB5187BB1D2AC2B000DD3632 /* demonstrative.caf */ = {isa = PBXFileReference; lastKnownFileType = file; path = demonstrative.caf; sourceTree = "<group>"; };
		EB5187BC1D2AC2B000DD3632 /* hiccup.caf */ = {isa = PBXFileReference; lastKnownFileType = file; path = hiccup.caf; sourceTree = "<group>"; };
		EB5187BD1D2AC2B000DD3632 /* hit.caf */ = {isa = PBXFileReference; lastKnownFileType = file; path = hit.caf; sourceTree = "<group>"; };
		EB5187BE1D2AC2B000DD3632 /* littledwarf.caf */ = {isa = PBXFileReference; lastKnownFileType = file; path = littledwarf.caf; sourceTree = "<group>"; };
		EB5187BF1D2AC2B000DD3632 /* metal.caf */ = {isa = PBXFileReference; lastKnownFileType = file; path = metal.caf; sourceTree = "<group>"; };
		EB5187C01D2AC2B000DD3632 /* morning.caf */ = {isa = PBXFileReference; lastKnownFileType = file; path = morning.caf; sourceTree = "<group>"; };
		EB5187C21D2AC2B000DD3632 /* oldhorn.caf */ = {isa = PBXFileReference; lastKnownFileType = file; path = oldhorn.caf; sourceTree = "<group>"; };
		EB5187C31D2AC2B000DD3632 /* pop.caf */ = {isa = PBXFileReference; lastKnownFileType = file; path = pop.caf; sourceTree = "<group>"; };
		EB5187C51D2AC2B000DD3632 /* sadtrombone.caf */ = {isa = PBXFileReference; lastKnownFileType = file; path = sadtrombone.caf; sourceTree = "<group>"; };
		EBCDA3C1209CAB550070CF67 /* InbeaconSdk.framework */ = {isa = PBXFileReference; lastKnownFileType = wrapper.framework; path = InbeaconSdk.framework; sourceTree = "<group>"; };
/* End PBXFileReference section */

/* Begin PBXFrameworksBuildPhase section */
		EB224CA31CA0B75E00BAB5B5 /* Frameworks */ = {
			isa = PBXFrameworksBuildPhase;
			buildActionMask = 2147483647;
			files = (
				EBCDA3C3209CAB740070CF67 /* InbeaconSdk.framework in Frameworks */,
			);
			runOnlyForDeploymentPostprocessing = 0;
		};
		EB224CB71CA0B75E00BAB5B5 /* Frameworks */ = {
			isa = PBXFrameworksBuildPhase;
			buildActionMask = 2147483647;
			files = (
			);
			runOnlyForDeploymentPostprocessing = 0;
		};
/* End PBXFrameworksBuildPhase section */

/* Begin PBXGroup section */
		EB224C9D1CA0B75E00BAB5B5 = {
			isa = PBXGroup;
			children = (
				EBCDA3C1209CAB550070CF67 /* InbeaconSdk.framework */,
				EB224CA81CA0B75E00BAB5B5 /* swift-example */,
				EB224CBD1CA0B75E00BAB5B5 /* swift-exampleTests */,
				EB224CA71CA0B75E00BAB5B5 /* Products */,
			);
			sourceTree = "<group>";
		};
		EB224CA71CA0B75E00BAB5B5 /* Products */ = {
			isa = PBXGroup;
			children = (
				EB224CA61CA0B75E00BAB5B5 /* swift-example.app */,
				EB224CBA1CA0B75E00BAB5B5 /* swift-example.xctest */,
			);
			name = Products;
			sourceTree = "<group>";
		};
		EB224CA81CA0B75E00BAB5B5 /* swift-example */ = {
			isa = PBXGroup;
			children = (
				EB5187B01D2AC29D00DD3632 /* Resources */,
				EB224CA91CA0B75E00BAB5B5 /* AppDelegate.swift */,
				EB224CAB1CA0B75E00BAB5B5 /* ViewController.swift */,
				EB224CAD1CA0B75E00BAB5B5 /* Main.storyboard */,
				EB224CB01CA0B75E00BAB5B5 /* Assets.xcassets */,
				EB224CB21CA0B75E00BAB5B5 /* LaunchScreen.storyboard */,
				EB224CB51CA0B75E00BAB5B5 /* Info.plist */,
			);
			path = "swift-example";
			sourceTree = "<group>";
		};
		EB224CBD1CA0B75E00BAB5B5 /* swift-exampleTests */ = {
			isa = PBXGroup;
			children = (
				EB224CBE1CA0B75E00BAB5B5 /* swift_testTests.swift */,
				EB224CC01CA0B75E00BAB5B5 /* Info.plist */,
			);
			name = "swift-exampleTests";
			path = "swift-testTests";
			sourceTree = "<group>";
		};
		EB5187B01D2AC29D00DD3632 /* Resources */ = {
			isa = PBXGroup;
			children = (
				EB5187B11D2AC2B000DD3632 /* ascendent.caf */,
				EB5187B21D2AC2B000DD3632 /* attention.caf */,
				EB5187B31D2AC2B000DD3632 /* bling.caf */,
				EB5187B41D2AC2B000DD3632 /* boathorn.caf */,
				EB5187B51D2AC2B000DD3632 /* cashregister.caf */,
				EB5187BB1D2AC2B000DD3632 /* demonstrative.caf */,
				EB5187BC1D2AC2B000DD3632 /* hiccup.caf */,
				EB5187BD1D2AC2B000DD3632 /* hit.caf */,
				EB5187BE1D2AC2B000DD3632 /* littledwarf.caf */,
				EB5187BF1D2AC2B000DD3632 /* metal.caf */,
				EB5187C01D2AC2B000DD3632 /* morning.caf */,
				EB5187C21D2AC2B000DD3632 /* oldhorn.caf */,
				EB5187C31D2AC2B000DD3632 /* pop.caf */,
				EB5187C51D2AC2B000DD3632 /* sadtrombone.caf */,
			);
			name = Resources;
			sourceTree = "<group>";
		};
/* End PBXGroup section */

/* Begin PBXNativeTarget section */
		EB224CA51CA0B75E00BAB5B5 /* swift-example */ = {
			isa = PBXNativeTarget;
			buildConfigurationList = EB224CC31CA0B75E00BAB5B5 /* Build configuration list for PBXNativeTarget "swift-example" */;
			buildPhases = (
				EB224CA21CA0B75E00BAB5B5 /* Sources */,
				EB224CA31CA0B75E00BAB5B5 /* Frameworks */,
				EB224CA41CA0B75E00BAB5B5 /* Resources */,
				EB447E45206E8C9D00BEB852 /* Embed Frameworks */,
			);
			buildRules = (
			);
			dependencies = (
			);
			name = "swift-example";
			productName = "swift-test";
			productReference = EB224CA61CA0B75E00BAB5B5 /* swift-example.app */;
			productType = "com.apple.product-type.application";
		};
		EB224CB91CA0B75E00BAB5B5 /* swift-exampleTests */ = {
			isa = PBXNativeTarget;
			buildConfigurationList = EB224CC61CA0B75E00BAB5B5 /* Build configuration list for PBXNativeTarget "swift-exampleTests" */;
			buildPhases = (
				EB224CB61CA0B75E00BAB5B5 /* Sources */,
				EB224CB71CA0B75E00BAB5B5 /* Frameworks */,
				EB224CB81CA0B75E00BAB5B5 /* Resources */,
			);
			buildRules = (
			);
			dependencies = (
				EB224CBC1CA0B75E00BAB5B5 /* PBXTargetDependency */,
			);
			name = "swift-exampleTests";
			productName = "swift-testTests";
			productReference = EB224CBA1CA0B75E00BAB5B5 /* swift-example.xctest */;
			productType = "com.apple.product-type.bundle.unit-test";
		};
/* End PBXNativeTarget section */

/* Begin PBXProject section */
		EB224C9E1CA0B75E00BAB5B5 /* Project object */ = {
			isa = PBXProject;
			attributes = {
				LastSwiftUpdateCheck = 0720;
				LastUpgradeCheck = 0930;
				ORGANIZATIONNAME = inBeacon;
				TargetAttributes = {
					EB224CA51CA0B75E00BAB5B5 = {
						CreatedOnToolsVersion = 7.2.1;
						DevelopmentTeam = P7VV72C239;
						LastSwiftMigration = 0910;
						ProvisioningStyle = Manual;
						SystemCapabilities = {
							com.apple.BackgroundModes = {
								enabled = 0;
							};
						};
					};
					EB224CB91CA0B75E00BAB5B5 = {
						CreatedOnToolsVersion = 7.2.1;
						DevelopmentTeam = P7VV72C239;
						LastSwiftMigration = 0910;
						TestTargetID = EB224CA51CA0B75E00BAB5B5;
					};
				};
			};
			buildConfigurationList = EB224CA11CA0B75E00BAB5B5 /* Build configuration list for PBXProject "swift-example" */;
			compatibilityVersion = "Xcode 3.2";
			developmentRegion = English;
			hasScannedForEncodings = 0;
			knownRegions = (
				en,
				Base,
			);
			mainGroup = EB224C9D1CA0B75E00BAB5B5;
			productRefGroup = EB224CA71CA0B75E00BAB5B5 /* Products */;
			projectDirPath = "";
			projectRoot = "";
			targets = (
				EB224CA51CA0B75E00BAB5B5 /* swift-example */,
				EB224CB91CA0B75E00BAB5B5 /* swift-exampleTests */,
			);
		};
/* End PBXProject section */

/* Begin PBXResourcesBuildPhase section */
		EB224CA41CA0B75E00BAB5B5 /* Resources */ = {
			isa = PBXResourcesBuildPhase;
			buildActionMask = 2147483647;
			files = (
				EB5187D81D2AC2B100DD3632 /* oldhorn.caf in Resources */,
				EB5187D51D2AC2B000DD3632 /* metal.caf in Resources */,
				EB5187D41D2AC2B000DD3632 /* littledwarf.caf in Resources */,
				EB5187D91D2AC2B100DD3632 /* pop.caf in Resources */,
				EB5187D61D2AC2B100DD3632 /* morning.caf in Resources */,
				EB5187C71D2AC2B000DD3632 /* ascendent.caf in Resources */,
				EB5187D31D2AC2B000DD3632 /* hit.caf in Resources */,
				EB5187C81D2AC2B000DD3632 /* attention.caf in Resources */,
				EB5187DB1D2AC2B100DD3632 /* sadtrombone.caf in Resources */,
				EB5187CB1D2AC2B000DD3632 /* cashregister.caf in Resources */,
				EB5187D21D2AC2B000DD3632 /* hiccup.caf in Resources */,
				EB5187D11D2AC2B000DD3632 /* demonstrative.caf in Resources */,
				EB5187CA1D2AC2B000DD3632 /* boathorn.caf in Resources */,
				EB5187C91D2AC2B000DD3632 /* bling.caf in Resources */,
				EB224CAF1CA0B75E00BAB5B5 /* Main.storyboard in Resources */,
				EB224CB41CA0B75E00BAB5B5 /* LaunchScreen.storyboard in Resources */,
				EB224CB11CA0B75E00BAB5B5 /* Assets.xcassets in Resources */,
			);
			runOnlyForDeploymentPostprocessing = 0;
		};
		EB224CB81CA0B75E00BAB5B5 /* Resources */ = {
			isa = PBXResourcesBuildPhase;
			buildActionMask = 2147483647;
			files = (
			);
			runOnlyForDeploymentPostprocessing = 0;
		};
/* End PBXResourcesBuildPhase section */

/* Begin PBXSourcesBuildPhase section */
		EB224CA21CA0B75E00BAB5B5 /* Sources */ = {
			isa = PBXSourcesBuildPhase;
			buildActionMask = 2147483647;
			files = (
				EB224CAC1CA0B75E00BAB5B5 /* ViewController.swift in Sources */,
				EB224CAA1CA0B75E00BAB5B5 /* AppDelegate.swift in Sources */,
			);
			runOnlyForDeploymentPostprocessing = 0;
		};
		EB224CB61CA0B75E00BAB5B5 /* Sources */ = {
			isa = PBXSourcesBuildPhase;
			buildActionMask = 2147483647;
			files = (
				EB224CBF1CA0B75E00BAB5B5 /* swift_testTests.swift in Sources */,
			);
			runOnlyForDeploymentPostprocessing = 0;
		};
/* End PBXSourcesBuildPhase section */

/* Begin PBXTargetDependency section */
		EB224CBC1CA0B75E00BAB5B5 /* PBXTargetDependency */ = {
			isa = PBXTargetDependency;
			target = EB224CA51CA0B75E00BAB5B5 /* swift-example */;
			targetProxy = EB224CBB1CA0B75E00BAB5B5 /* PBXContainerItemProxy */;
		};
/* End PBXTargetDependency section */

/* Begin PBXVariantGroup section */
		EB224CAD1CA0B75E00BAB5B5 /* Main.storyboard */ = {
			isa = PBXVariantGroup;
			children = (
				EB224CAE1CA0B75E00BAB5B5 /* Base */,
			);
			name = Main.storyboard;
			sourceTree = "<group>";
		};
		EB224CB21CA0B75E00BAB5B5 /* LaunchScreen.storyboard */ = {
			isa = PBXVariantGroup;
			children = (
				EB224CB31CA0B75E00BAB5B5 /* Base */,
			);
			name = LaunchScreen.storyboard;
			sourceTree = "<group>";
		};
/* End PBXVariantGroup section */

/* Begin XCBuildConfiguration section */
		EB224CC11CA0B75E00BAB5B5 /* Debug */ = {
			isa = XCBuildConfiguration;
			buildSettings = {
				ALWAYS_SEARCH_USER_PATHS = NO;
				CLANG_CXX_LANGUAGE_STANDARD = "gnu++0x";
				CLANG_CXX_LIBRARY = "libc++";
				CLANG_ENABLE_MODULES = YES;
				CLANG_ENABLE_OBJC_ARC = YES;
				CLANG_WARN_BLOCK_CAPTURE_AUTORELEASING = YES;
				CLANG_WARN_BOOL_CONVERSION = YES;
				CLANG_WARN_COMMA = YES;
				CLANG_WARN_CONSTANT_CONVERSION = YES;
				CLANG_WARN_DEPRECATED_OBJC_IMPLEMENTATIONS = YES;
				CLANG_WARN_DIRECT_OBJC_ISA_USAGE = YES_ERROR;
				CLANG_WARN_EMPTY_BODY = YES;
				CLANG_WARN_ENUM_CONVERSION = YES;
				CLANG_WARN_INFINITE_RECURSION = YES;
				CLANG_WARN_INT_CONVERSION = YES;
				CLANG_WARN_NON_LITERAL_NULL_CONVERSION = YES;
				CLANG_WARN_OBJC_IMPLICIT_RETAIN_SELF = YES;
				CLANG_WARN_OBJC_LITERAL_CONVERSION = YES;
				CLANG_WARN_OBJC_ROOT_CLASS = YES_ERROR;
				CLANG_WARN_RANGE_LOOP_ANALYSIS = YES;
				CLANG_WARN_STRICT_PROTOTYPES = YES;
				CLANG_WARN_SUSPICIOUS_MOVE = YES;
				CLANG_WARN_UNREACHABLE_CODE = YES;
				CLANG_WARN__DUPLICATE_METHOD_MATCH = YES;
				"CODE_SIGN_IDENTITY[sdk=iphoneos*]" = "iPhone Developer";
				COPY_PHASE_STRIP = NO;
				DEBUG_INFORMATION_FORMAT = dwarf;
				ENABLE_STRICT_OBJC_MSGSEND = YES;
				ENABLE_TESTABILITY = YES;
				GCC_C_LANGUAGE_STANDARD = gnu99;
				GCC_DYNAMIC_NO_PIC = NO;
				GCC_NO_COMMON_BLOCKS = YES;
				GCC_OPTIMIZATION_LEVEL = 0;
				GCC_PREPROCESSOR_DEFINITIONS = (
					"DEBUG=1",
					"$(inherited)",
				);
				GCC_WARN_64_TO_32_BIT_CONVERSION = YES;
				GCC_WARN_ABOUT_RETURN_TYPE = YES_ERROR;
				GCC_WARN_UNDECLARED_SELECTOR = YES;
				GCC_WARN_UNINITIALIZED_AUTOS = YES_AGGRESSIVE;
				GCC_WARN_UNUSED_FUNCTION = YES;
				GCC_WARN_UNUSED_VARIABLE = YES;
				IPHONEOS_DEPLOYMENT_TARGET = 10.0;
				MTL_ENABLE_DEBUG_INFO = YES;
				ONLY_ACTIVE_ARCH = YES;
				SDKROOT = iphoneos;
				SWIFT_OPTIMIZATION_LEVEL = "-Onone";
			};
			name = Debug;
		};
		EB224CC21CA0B75E00BAB5B5 /* Release */ = {
			isa = XCBuildConfiguration;
			buildSettings = {
				ALWAYS_SEARCH_USER_PATHS = NO;
				CLANG_CXX_LANGUAGE_STANDARD = "gnu++0x";
				CLANG_CXX_LIBRARY = "libc++";
				CLANG_ENABLE_MODULES = YES;
				CLANG_ENABLE_OBJC_ARC = YES;
				CLANG_WARN_BLOCK_CAPTURE_AUTORELEASING = YES;
				CLANG_WARN_BOOL_CONVERSION = YES;
				CLANG_WARN_COMMA = YES;
				CLANG_WARN_CONSTANT_CONVERSION = YES;
				CLANG_WARN_DEPRECATED_OBJC_IMPLEMENTATIONS = YES;
				CLANG_WARN_DIRECT_OBJC_ISA_USAGE = YES_ERROR;
				CLANG_WARN_EMPTY_BODY = YES;
				CLANG_WARN_ENUM_CONVERSION = YES;
				CLANG_WARN_INFINITE_RECURSION = YES;
				CLANG_WARN_INT_CONVERSION = YES;
				CLANG_WARN_NON_LITERAL_NULL_CONVERSION = YES;
				CLANG_WARN_OBJC_IMPLICIT_RETAIN_SELF = YES;
				CLANG_WARN_OBJC_LITERAL_CONVERSION = YES;
				CLANG_WARN_OBJC_ROOT_CLASS = YES_ERROR;
				CLANG_WARN_RANGE_LOOP_ANALYSIS = YES;
				CLANG_WARN_STRICT_PROTOTYPES = YES;
				CLANG_WARN_SUSPICIOUS_MOVE = YES;
				CLANG_WARN_UNREACHABLE_CODE = YES;
				CLANG_WARN__DUPLICATE_METHOD_MATCH = YES;
				"CODE_SIGN_IDENTITY[sdk=iphoneos*]" = "iPhone Developer";
				COPY_PHASE_STRIP = NO;
				DEBUG_INFORMATION_FORMAT = "dwarf-with-dsym";
				ENABLE_NS_ASSERTIONS = NO;
				ENABLE_STRICT_OBJC_MSGSEND = YES;
				GCC_C_LANGUAGE_STANDARD = gnu99;
				GCC_NO_COMMON_BLOCKS = YES;
				GCC_WARN_64_TO_32_BIT_CONVERSION = YES;
				GCC_WARN_ABOUT_RETURN_TYPE = YES_ERROR;
				GCC_WARN_UNDECLARED_SELECTOR = YES;
				GCC_WARN_UNINITIALIZED_AUTOS = YES_AGGRESSIVE;
				GCC_WARN_UNUSED_FUNCTION = YES;
				GCC_WARN_UNUSED_VARIABLE = YES;
				IPHONEOS_DEPLOYMENT_TARGET = 10.0;
				MTL_ENABLE_DEBUG_INFO = NO;
				SDKROOT = iphoneos;
				SWIFT_OPTIMIZATION_LEVEL = "-Owholemodule";
				VALIDATE_PRODUCT = YES;
			};
			name = Release;
		};
		EB224CC41CA0B75E00BAB5B5 /* Debug */ = {
			isa = XCBuildConfiguration;
			buildSettings = {
				ASSETCATALOG_COMPILER_APPICON_NAME = AppIcon;
				"CODE_SIGN_IDENTITY[sdk=iphoneos*]" = "iPhone Developer";
				DEVELOPMENT_TEAM = P7VV72C239;
				FRAMEWORK_SEARCH_PATHS = (
					"$(inherited)",
					"$(PROJECT_DIR)",
				);
				INFOPLIST_FILE = "swift-example/Info.plist";
				IPHONEOS_DEPLOYMENT_TARGET = 8.0;
				LD_RUNPATH_SEARCH_PATHS = "$(inherited) @executable_path/Frameworks";
				PRODUCT_BUNDLE_IDENTIFIER = "com.innovader.swift-example";
				PRODUCT_NAME = "swift-example";
				PROVISIONING_PROFILE = "e334dafd-5685-4cc0-ab30-5a34d1c61943";
				PROVISIONING_PROFILE_SPECIFIER = "innovader wildcard 03-2018";
				SWIFT_SWIFT3_OBJC_INFERENCE = Default;
				SWIFT_VERSION = 4.0;
			};
			name = Debug;
		};
		EB224CC51CA0B75E00BAB5B5 /* Release */ = {
			isa = XCBuildConfiguration;
			buildSettings = {
				ASSETCATALOG_COMPILER_APPICON_NAME = AppIcon;
				"CODE_SIGN_IDENTITY[sdk=iphoneos*]" = "iPhone Developer";
				DEVELOPMENT_TEAM = P7VV72C239;
				FRAMEWORK_SEARCH_PATHS = (
					"$(inherited)",
					"$(PROJECT_DIR)",
				);
				INFOPLIST_FILE = "swift-example/Info.plist";
				IPHONEOS_DEPLOYMENT_TARGET = 8.0;
				LD_RUNPATH_SEARCH_PATHS = "$(inherited) @executable_path/Frameworks";
				PRODUCT_BUNDLE_IDENTIFIER = "com.innovader.swift-example";
				PRODUCT_NAME = "swift-example";
				PROVISIONING_PROFILE = "e334dafd-5685-4cc0-ab30-5a34d1c61943";
				PROVISIONING_PROFILE_SPECIFIER = "innovader wildcard 03-2018";
				SWIFT_SWIFT3_OBJC_INFERENCE = Default;
				SWIFT_VERSION = 4.0;
			};
			name = Release;
		};
		EB224CC71CA0B75E00BAB5B5 /* Debug */ = {
			isa = XCBuildConfiguration;
			buildSettings = {
				BUNDLE_LOADER = "$(TEST_HOST)";
				DEVELOPMENT_TEAM = P7VV72C239;
				INFOPLIST_FILE = "swift-testTests/Info.plist";
				LD_RUNPATH_SEARCH_PATHS = "$(inherited) @executable_path/Frameworks @loader_path/Frameworks";
				PRODUCT_BUNDLE_IDENTIFIER = "com.innovader.swift-testTests";
				PRODUCT_NAME = "swift-example";
				SWIFT_SWIFT3_OBJC_INFERENCE = On;
				SWIFT_VERSION = 4.0;
				TEST_HOST = "$(BUILT_PRODUCTS_DIR)/swift-example.app/swift-example";
			};
			name = Debug;
		};
		EB224CC81CA0B75E00BAB5B5 /* Release */ = {
			isa = XCBuildConfiguration;
			buildSettings = {
				BUNDLE_LOADER = "$(TEST_HOST)";
				DEVELOPMENT_TEAM = P7VV72C239;
				INFOPLIST_FILE = "swift-testTests/Info.plist";
				LD_RUNPATH_SEARCH_PATHS = "$(inherited) @executable_path/Frameworks @loader_path/Frameworks";
				PRODUCT_BUNDLE_IDENTIFIER = "com.innovader.swift-testTests";
				PRODUCT_NAME = "swift-example";
				SWIFT_SWIFT3_OBJC_INFERENCE = On;
				SWIFT_VERSION = 4.0;
				TEST_HOST = "$(BUILT_PRODUCTS_DIR)/swift-example.app/swift-example";
			};
			name = Release;
		};
/* End XCBuildConfiguration section */

/* Begin XCConfigurationList section */
		EB224CA11CA0B75E00BAB5B5 /* Build configuration list for PBXProject "swift-example" */ = {
			isa = XCConfigurationList;
			buildConfigurations = (
				EB224CC11CA0B75E00BAB5B5 /* Debug */,
				EB224CC21CA0B75E00BAB5B5 /* Release */,
			);
			defaultConfigurationIsVisible = 0;
			defaultConfigurationName = Release;
		};
		EB224CC31CA0B75E00BAB5B5 /* Build configuration list for PBXNativeTarget "swift-example" */ = {
			isa = XCConfigurationList;
			buildConfigurations = (
				EB224CC41CA0B75E00BAB5B5 /* Debug */,
				EB224CC51CA0B75E00BAB5B5 /* Release */,
			);
			defaultConfigurationIsVisible = 0;
			defaultConfigurationName = Release;
		};
		EB224CC61CA0B75E00BAB5B5 /* Build configuration list for PBXNativeTarget "swift-exampleTests" */ = {
			isa = XCConfigurationList;
			buildConfigurations = (
				EB224CC71CA0B75E00BAB5B5 /* Debug */,
				EB224CC81CA0B75E00BAB5B5 /* Release */,
			);
			defaultConfigurationIsVisible = 0;
			defaultConfigurationName = Release;
		};
/* End XCConfigurationList section */
	};
	rootObject = EB224C9E1CA0B75E00BAB5B5 /* Project object */;
}
