// !$*UTF8*$!
{
	archiveVersion = 1;
	classes = {
	};
	objectVersion = 51;
	objects = {

/* Begin PBXBuildFile section */
		A31388AD808356C769B7DEE2 /* Pods_swiftexample.framework in Frameworks */ = {isa = PBXBuildFile; fileRef = B5B498FAFDEBA939696D2506 /* Pods_swiftexample.framework */; };
		EB5D92BF23A106AF003EE563 /* AppDelegate.swift in Sources */ = {isa = PBXBuildFile; fileRef = EB5D92BE23A106AF003EE563 /* AppDelegate.swift */; };
		EB5D92C123A106AF003EE563 /* SceneDelegate.swift in Sources */ = {isa = PBXBuildFile; fileRef = EB5D92C023A106AF003EE563 /* SceneDelegate.swift */; };
		EB5D92C323A106AF003EE563 /* ViewController.swift in Sources */ = {isa = PBXBuildFile; fileRef = EB5D92C223A106AF003EE563 /* ViewController.swift */; };
		EB5D92C623A106AF003EE563 /* Main.storyboard in Resources */ = {isa = PBXBuildFile; fileRef = EB5D92C423A106AF003EE563 /* Main.storyboard */; };
		EB5D92C823A106B2003EE563 /* Assets.xcassets in Resources */ = {isa = PBXBuildFile; fileRef = EB5D92C723A106B2003EE563 /* Assets.xcassets */; };
		EB5D92CB23A106B2003EE563 /* LaunchScreen.storyboard in Resources */ = {isa = PBXBuildFile; fileRef = EB5D92C923A106B2003EE563 /* LaunchScreen.storyboard */; };
/* End PBXBuildFile section */

/* Begin PBXFileReference section */
		1F06AEC011449068B944A464 /* Pods-swiftexample.debug.xcconfig */ = {isa = PBXFileReference; includeInIndex = 1; lastKnownFileType = text.xcconfig; name = "Pods-swiftexample.debug.xcconfig"; path = "Target Support Files/Pods-swiftexample/Pods-swiftexample.debug.xcconfig"; sourceTree = "<group>"; };
		B5B498FAFDEBA939696D2506 /* Pods_swiftexample.framework */ = {isa = PBXFileReference; explicitFileType = wrapper.framework; includeInIndex = 0; path = Pods_swiftexample.framework; sourceTree = BUILT_PRODUCTS_DIR; };
		B837452F2E8FCE0A5FB4C0E3 /* Pods-swiftexample.release.xcconfig */ = {isa = PBXFileReference; includeInIndex = 1; lastKnownFileType = text.xcconfig; name = "Pods-swiftexample.release.xcconfig"; path = "Target Support Files/Pods-swiftexample/Pods-swiftexample.release.xcconfig"; sourceTree = "<group>"; };
		EB5D92BB23A106AF003EE563 /* swiftexample.app */ = {isa = PBXFileReference; explicitFileType = wrapper.application; includeInIndex = 0; path = swiftexample.app; sourceTree = BUILT_PRODUCTS_DIR; };
		EB5D92BE23A106AF003EE563 /* AppDelegate.swift */ = {isa = PBXFileReference; lastKnownFileType = sourcecode.swift; path = AppDelegate.swift; sourceTree = "<group>"; };
		EB5D92C023A106AF003EE563 /* SceneDelegate.swift */ = {isa = PBXFileReference; lastKnownFileType = sourcecode.swift; path = SceneDelegate.swift; sourceTree = "<group>"; };
		EB5D92C223A106AF003EE563 /* ViewController.swift */ = {isa = PBXFileReference; lastKnownFileType = sourcecode.swift; path = ViewController.swift; sourceTree = "<group>"; };
		EB5D92C523A106AF003EE563 /* Base */ = {isa = PBXFileReference; lastKnownFileType = file.storyboard; name = Base; path = Base.lproj/Main.storyboard; sourceTree = "<group>"; };
		EB5D92C723A106B2003EE563 /* Assets.xcassets */ = {isa = PBXFileReference; lastKnownFileType = folder.assetcatalog; path = Assets.xcassets; sourceTree = "<group>"; };
		EB5D92CA23A106B2003EE563 /* Base */ = {isa = PBXFileReference; lastKnownFileType = file.storyboard; name = Base; path = Base.lproj/LaunchScreen.storyboard; sourceTree = "<group>"; };
		EB5D92CC23A106B2003EE563 /* Info.plist */ = {isa = PBXFileReference; lastKnownFileType = text.plist.xml; path = Info.plist; sourceTree = "<group>"; };
/* End PBXFileReference section */

/* Begin PBXFrameworksBuildPhase section */
		EB5D92B823A106AF003EE563 /* Frameworks */ = {
			isa = PBXFrameworksBuildPhase;
			buildActionMask = 2147483647;
			files = (
				A31388AD808356C769B7DEE2 /* Pods_swiftexample.framework in Frameworks */,
			);
			runOnlyForDeploymentPostprocessing = 0;
		};
/* End PBXFrameworksBuildPhase section */

/* Begin PBXGroup section */
		385DDB8C2F01A5445E1807E4 /* Frameworks */ = {
			isa = PBXGroup;
			children = (
				B5B498FAFDEBA939696D2506 /* Pods_swiftexample.framework */,
			);
			name = Frameworks;
			sourceTree = "<group>";
		};
		B310410F4CFDCBD444D574F0 /* Pods */ = {
			isa = PBXGroup;
			children = (
				1F06AEC011449068B944A464 /* Pods-swiftexample.debug.xcconfig */,
				B837452F2E8FCE0A5FB4C0E3 /* Pods-swiftexample.release.xcconfig */,
			);
			path = Pods;
			sourceTree = "<group>";
		};
		EB5D92B223A106AF003EE563 = {
			isa = PBXGroup;
			children = (
				EB5D92BD23A106AF003EE563 /* swiftexample */,
				EB5D92BC23A106AF003EE563 /* Products */,
				B310410F4CFDCBD444D574F0 /* Pods */,
				385DDB8C2F01A5445E1807E4 /* Frameworks */,
			);
			sourceTree = "<group>";
		};
		EB5D92BC23A106AF003EE563 /* Products */ = {
			isa = PBXGroup;
			children = (
				EB5D92BB23A106AF003EE563 /* swiftexample.app */,
			);
			name = Products;
			sourceTree = "<group>";
		};
		EB5D92BD23A106AF003EE563 /* swiftexample */ = {
			isa = PBXGroup;
			children = (
				EB5D92BE23A106AF003EE563 /* AppDelegate.swift */,
				EB5D92C023A106AF003EE563 /* SceneDelegate.swift */,
				EB5D92C223A106AF003EE563 /* ViewController.swift */,
				EB5D92C423A106AF003EE563 /* Main.storyboard */,
				EB5D92C723A106B2003EE563 /* Assets.xcassets */,
				EB5D92C923A106B2003EE563 /* LaunchScreen.storyboard */,
				EB5D92CC23A106B2003EE563 /* Info.plist */,
			);
			path = swiftexample;
			sourceTree = "<group>";
		};
/* End PBXGroup section */

/* Begin PBXNativeTarget section */
		EB5D92BA23A106AF003EE563 /* swiftexample */ = {
			isa = PBXNativeTarget;
			buildConfigurationList = EB5D92CF23A106B2003EE563 /* Build configuration list for PBXNativeTarget "swiftexample" */;
			buildPhases = (
				7DAE3E61C7B7852236A5752B /* [CP] Check Pods Manifest.lock */,
				EB5D92B723A106AF003EE563 /* Sources */,
				EB5D92B823A106AF003EE563 /* Frameworks */,
				EB5D92B923A106AF003EE563 /* Resources */,
				21C91FF1BAB52CE0755BBBB4 /* [CP] Embed Pods Frameworks */,
				DA332E9DC77A71820D8B5CDA /* [CP] Copy Pods Resources */,
			);
			buildRules = (
			);
			dependencies = (
			);
			name = swiftexample;
			productName = swiftexample;
			productReference = EB5D92BB23A106AF003EE563 /* swiftexample.app */;
			productType = "com.apple.product-type.application";
		};
/* End PBXNativeTarget section */

/* Begin PBXProject section */
		EB5D92B323A106AF003EE563 /* Project object */ = {
			isa = PBXProject;
			attributes = {
				LastSwiftUpdateCheck = 1120;
				LastUpgradeCheck = 1120;
				ORGANIZATIONNAME = rvw;
				TargetAttributes = {
					EB5D92BA23A106AF003EE563 = {
						CreatedOnToolsVersion = 11.2.1;
					};
				};
			};
			buildConfigurationList = EB5D92B623A106AF003EE563 /* Build configuration list for PBXProject "swiftexample" */;
			compatibilityVersion = "Xcode 9.3";
			developmentRegion = en;
			hasScannedForEncodings = 0;
			knownRegions = (
				en,
				Base,
			);
			mainGroup = EB5D92B223A106AF003EE563;
			productRefGroup = EB5D92BC23A106AF003EE563 /* Products */;
			projectDirPath = "";
			projectRoot = "";
			targets = (
				EB5D92BA23A106AF003EE563 /* swiftexample */,
			);
		};
/* End PBXProject section */

/* Begin PBXResourcesBuildPhase section */
		EB5D92B923A106AF003EE563 /* Resources */ = {
			isa = PBXResourcesBuildPhase;
			buildActionMask = 2147483647;
			files = (
				EB5D92CB23A106B2003EE563 /* LaunchScreen.storyboard in Resources */,
				EB5D92C823A106B2003EE563 /* Assets.xcassets in Resources */,
				EB5D92C623A106AF003EE563 /* Main.storyboard in Resources */,
			);
			runOnlyForDeploymentPostprocessing = 0;
		};
/* End PBXResourcesBuildPhase section */

/* Begin PBXShellScriptBuildPhase section */
		21C91FF1BAB52CE0755BBBB4 /* [CP] Embed Pods Frameworks */ = {
			isa = PBXShellScriptBuildPhase;
			buildActionMask = 2147483647;
			files = (
			);
			inputFileListPaths = (
				"${PODS_ROOT}/Target Support Files/Pods-swiftexample/Pods-swiftexample-frameworks-${CONFIGURATION}-input-files.xcfilelist",
			);
			name = "[CP] Embed Pods Frameworks";
			outputFileListPaths = (
				"${PODS_ROOT}/Target Support Files/Pods-swiftexample/Pods-swiftexample-frameworks-${CONFIGURATION}-output-files.xcfilelist",
			);
			runOnlyForDeploymentPostprocessing = 0;
			shellPath = /bin/sh;
			shellScript = "\"${PODS_ROOT}/Target Support Files/Pods-swiftexample/Pods-swiftexample-frameworks.sh\"\n";
			showEnvVarsInLog = 0;
		};
		7DAE3E61C7B7852236A5752B /* [CP] Check Pods Manifest.lock */ = {
			isa = PBXShellScriptBuildPhase;
			buildActionMask = 2147483647;
			files = (
			);
			inputFileListPaths = (
			);
			inputPaths = (
				"${PODS_PODFILE_DIR_PATH}/Podfile.lock",
				"${PODS_ROOT}/Manifest.lock",
			);
			name = "[CP] Check Pods Manifest.lock";
			outputFileListPaths = (
			);
			outputPaths = (
				"$(DERIVED_FILE_DIR)/Pods-swiftexample-checkManifestLockResult.txt",
			);
			runOnlyForDeploymentPostprocessing = 0;
			shellPath = /bin/sh;
			shellScript = "diff \"${PODS_PODFILE_DIR_PATH}/Podfile.lock\" \"${PODS_ROOT}/Manifest.lock\" > /dev/null\nif [ $? != 0 ] ; then\n    # print error to STDERR\n    echo \"error: The sandbox is not in sync with the Podfile.lock. Run 'pod install' or update your CocoaPods installation.\" >&2\n    exit 1\nfi\n# This output is used by Xcode 'outputs' to avoid re-running this script phase.\necho \"SUCCESS\" > \"${SCRIPT_OUTPUT_FILE_0}\"\n";
			showEnvVarsInLog = 0;
		};
		DA332E9DC77A71820D8B5CDA /* [CP] Copy Pods Resources */ = {
			isa = PBXShellScriptBuildPhase;
			buildActionMask = 2147483647;
			files = (
			);
			inputFileListPaths = (
				"${PODS_ROOT}/Target Support Files/Pods-swiftexample/Pods-swiftexample-resources-${CONFIGURATION}-input-files.xcfilelist",
			);
			name = "[CP] Copy Pods Resources";
			outputFileListPaths = (
				"${PODS_ROOT}/Target Support Files/Pods-swiftexample/Pods-swiftexample-resources-${CONFIGURATION}-output-files.xcfilelist",
			);
			runOnlyForDeploymentPostprocessing = 0;
			shellPath = /bin/sh;
			shellScript = "\"${PODS_ROOT}/Target Support Files/Pods-swiftexample/Pods-swiftexample-resources.sh\"\n";
			showEnvVarsInLog = 0;
		};
/* End PBXShellScriptBuildPhase section */

/* Begin PBXSourcesBuildPhase section */
		EB5D92B723A106AF003EE563 /* Sources */ = {
			isa = PBXSourcesBuildPhase;
			buildActionMask = 2147483647;
			files = (
				EB5D92C323A106AF003EE563 /* ViewController.swift in Sources */,
				EB5D92BF23A106AF003EE563 /* AppDelegate.swift in Sources */,
				EB5D92C123A106AF003EE563 /* SceneDelegate.swift in Sources */,
			);
			runOnlyForDeploymentPostprocessing = 0;
		};
/* End PBXSourcesBuildPhase section */

/* Begin PBXVariantGroup section */
		EB5D92C423A106AF003EE563 /* Main.storyboard */ = {
			isa = PBXVariantGroup;
			children = (
				EB5D92C523A106AF003EE563 /* Base */,
			);
			name = Main.storyboard;
			sourceTree = "<group>";
		};
		EB5D92C923A106B2003EE563 /* LaunchScreen.storyboard */ = {
			isa = PBXVariantGroup;
			children = (
				EB5D92CA23A106B2003EE563 /* Base */,
			);
			name = LaunchScreen.storyboard;
			sourceTree = "<group>";
		};
/* End PBXVariantGroup section */

/* Begin XCBuildConfiguration section */
		EB5D92CD23A106B2003EE563 /* Debug */ = {
			isa = XCBuildConfiguration;
			buildSettings = {
				ALWAYS_SEARCH_USER_PATHS = NO;
				CLANG_ANALYZER_NONNULL = YES;
				CLANG_ANALYZER_NUMBER_OBJECT_CONVERSION = YES_AGGRESSIVE;
				CLANG_CXX_LANGUAGE_STANDARD = "gnu++14";
				CLANG_CXX_LIBRARY = "libc++";
				CLANG_ENABLE_MODULES = YES;
				CLANG_ENABLE_OBJC_ARC = YES;
				CLANG_ENABLE_OBJC_WEAK = YES;
				CLANG_WARN_BLOCK_CAPTURE_AUTORELEASING = YES;
				CLANG_WARN_BOOL_CONVERSION = YES;
				CLANG_WARN_COMMA = YES;
				CLANG_WARN_CONSTANT_CONVERSION = YES;
				CLANG_WARN_DEPRECATED_OBJC_IMPLEMENTATIONS = YES;
				CLANG_WARN_DIRECT_OBJC_ISA_USAGE = YES_ERROR;
				CLANG_WARN_DOCUMENTATION_COMMENTS = YES;
				CLANG_WARN_EMPTY_BODY = YES;
				CLANG_WARN_ENUM_CONVERSION = YES;
				CLANG_WARN_INFINITE_RECURSION = YES;
				CLANG_WARN_INT_CONVERSION = YES;
				CLANG_WARN_NON_LITERAL_NULL_CONVERSION = YES;
				CLANG_WARN_OBJC_IMPLICIT_RETAIN_SELF = YES;
				CLANG_WARN_OBJC_LITERAL_CONVERSION = YES;
				CLANG_WARN_OBJC_ROOT_CLASS = YES_ERROR;
				CLANG_WARN_RANGE_LOOP_ANALYSIS = YES;
				CLANG_WARN_STRICT_PROTOTYPES = YES;
				CLANG_WARN_SUSPICIOUS_MOVE = YES;
				CLANG_WARN_UNGUARDED_AVAILABILITY = YES_AGGRESSIVE;
				CLANG_WARN_UNREACHABLE_CODE = YES;
				CLANG_WARN__DUPLICATE_METHOD_MATCH = YES;
				COPY_PHASE_STRIP = NO;
				DEBUG_INFORMATION_FORMAT = dwarf;
				ENABLE_STRICT_OBJC_MSGSEND = YES;
				ENABLE_TESTABILITY = YES;
				GCC_C_LANGUAGE_STANDARD = gnu11;
				GCC_DYNAMIC_NO_PIC = NO;
				GCC_NO_COMMON_BLOCKS = YES;
				GCC_OPTIMIZATION_LEVEL = 0;
				GCC_PREPROCESSOR_DEFINITIONS = (
					"DEBUG=1",
					"$(inherited)",
				);
				GCC_WARN_64_TO_32_BIT_CONVERSION = YES;
				GCC_WARN_ABOUT_RETURN_TYPE = YES_ERROR;
				GCC_WARN_UNDECLARED_SELECTOR = YES;
				GCC_WARN_UNINITIALIZED_AUTOS = YES_AGGRESSIVE;
				GCC_WARN_UNUSED_FUNCTION = YES;
				GCC_WARN_UNUSED_VARIABLE = YES;
				IPHONEOS_DEPLOYMENT_TARGET = 13.2;
				MTL_ENABLE_DEBUG_INFO = INCLUDE_SOURCE;
				MTL_FAST_MATH = YES;
				ONLY_ACTIVE_ARCH = YES;
				SDKROOT = iphoneos;
				SWIFT_ACTIVE_COMPILATION_CONDITIONS = DEBUG;
				SWIFT_OPTIMIZATION_LEVEL = "-Onone";
			};
			name = Debug;
		};
		EB5D92CE23A106B2003EE563 /* Release */ = {
			isa = XCBuildConfiguration;
			buildSettings = {
				ALWAYS_SEARCH_USER_PATHS = NO;
				CLANG_ANALYZER_NONNULL = YES;
				CLANG_ANALYZER_NUMBER_OBJECT_CONVERSION = YES_AGGRESSIVE;
				CLANG_CXX_LANGUAGE_STANDARD = "gnu++14";
				CLANG_CXX_LIBRARY = "libc++";
				CLANG_ENABLE_MODULES = YES;
				CLANG_ENABLE_OBJC_ARC = YES;
				CLANG_ENABLE_OBJC_WEAK = YES;
				CLANG_WARN_BLOCK_CAPTURE_AUTORELEASING = YES;
				CLANG_WARN_BOOL_CONVERSION = YES;
				CLANG_WARN_COMMA = YES;
				CLANG_WARN_CONSTANT_CONVERSION = YES;
				CLANG_WARN_DEPRECATED_OBJC_IMPLEMENTATIONS = YES;
				CLANG_WARN_DIRECT_OBJC_ISA_USAGE = YES_ERROR;
				CLANG_WARN_DOCUMENTATION_COMMENTS = YES;
				CLANG_WARN_EMPTY_BODY = YES;
				CLANG_WARN_ENUM_CONVERSION = YES;
				CLANG_WARN_INFINITE_RECURSION = YES;
				CLANG_WARN_INT_CONVERSION = YES;
				CLANG_WARN_NON_LITERAL_NULL_CONVERSION = YES;
				CLANG_WARN_OBJC_IMPLICIT_RETAIN_SELF = YES;
				CLANG_WARN_OBJC_LITERAL_CONVERSION = YES;
				CLANG_WARN_OBJC_ROOT_CLASS = YES_ERROR;
				CLANG_WARN_RANGE_LOOP_ANALYSIS = YES;
				CLANG_WARN_STRICT_PROTOTYPES = YES;
				CLANG_WARN_SUSPICIOUS_MOVE = YES;
				CLANG_WARN_UNGUARDED_AVAILABILITY = YES_AGGRESSIVE;
				CLANG_WARN_UNREACHABLE_CODE = YES;
				CLANG_WARN__DUPLICATE_METHOD_MATCH = YES;
				COPY_PHASE_STRIP = NO;
				DEBUG_INFORMATION_FORMAT = "dwarf-with-dsym";
				ENABLE_NS_ASSERTIONS = NO;
				ENABLE_STRICT_OBJC_MSGSEND = YES;
				GCC_C_LANGUAGE_STANDARD = gnu11;
				GCC_NO_COMMON_BLOCKS = YES;
				GCC_WARN_64_TO_32_BIT_CONVERSION = YES;
				GCC_WARN_ABOUT_RETURN_TYPE = YES_ERROR;
				GCC_WARN_UNDECLARED_SELECTOR = YES;
				GCC_WARN_UNINITIALIZED_AUTOS = YES_AGGRESSIVE;
				GCC_WARN_UNUSED_FUNCTION = YES;
				GCC_WARN_UNUSED_VARIABLE = YES;
				IPHONEOS_DEPLOYMENT_TARGET = 13.2;
				MTL_ENABLE_DEBUG_INFO = NO;
				MTL_FAST_MATH = YES;
				SDKROOT = iphoneos;
				SWIFT_COMPILATION_MODE = wholemodule;
				SWIFT_OPTIMIZATION_LEVEL = "-O";
				VALIDATE_PRODUCT = YES;
			};
			name = Release;
		};
		EB5D92D023A106B2003EE563 /* Debug */ = {
			isa = XCBuildConfiguration;
			baseConfigurationReference = 1F06AEC011449068B944A464 /* Pods-swiftexample.debug.xcconfig */;
			buildSettings = {
				ASSETCATALOG_COMPILER_APPICON_NAME = AppIcon;
				CODE_SIGN_STYLE = Automatic;
				DEVELOPMENT_TEAM = P7VV72C239;
				INFOPLIST_FILE = swiftexample/Info.plist;
				IPHONEOS_DEPLOYMENT_TARGET = 12.4;
				LD_RUNPATH_SEARCH_PATHS = (
					"$(inherited)",
					"@executable_path/Frameworks",
				);
				PRODUCT_BUNDLE_IDENTIFIER = com.innovader.swiftexample;
				PRODUCT_NAME = "$(TARGET_NAME)";
				SWIFT_VERSION = 5.0;
				TARGETED_DEVICE_FAMILY = 1;
			};
			name = Debug;
		};
		EB5D92D123A106B2003EE563 /* Release */ = {
			isa = XCBuildConfiguration;
			baseConfigurationReference = B837452F2E8FCE0A5FB4C0E3 /* Pods-swiftexample.release.xcconfig */;
			buildSettings = {
				ASSETCATALOG_COMPILER_APPICON_NAME = AppIcon;
				CODE_SIGN_STYLE = Automatic;
				DEVELOPMENT_TEAM = P7VV72C239;
				INFOPLIST_FILE = swiftexample/Info.plist;
				IPHONEOS_DEPLOYMENT_TARGET = 12.4;
				LD_RUNPATH_SEARCH_PATHS = (
					"$(inherited)",
					"@executable_path/Frameworks",
				);
				PRODUCT_BUNDLE_IDENTIFIER = com.innovader.swiftexample;
				PRODUCT_NAME = "$(TARGET_NAME)";
				SWIFT_VERSION = 5.0;
				TARGETED_DEVICE_FAMILY = 1;
			};
			name = Release;
		};
/* End XCBuildConfiguration section */

/* Begin XCConfigurationList section */
		EB5D92B623A106AF003EE563 /* Build configuration list for PBXProject "swiftexample" */ = {
			isa = XCConfigurationList;
			buildConfigurations = (
				EB5D92CD23A106B2003EE563 /* Debug */,
				EB5D92CE23A106B2003EE563 /* Release */,
			);
			defaultConfigurationIsVisible = 0;
			defaultConfigurationName = Release;
		};
		EB5D92CF23A106B2003EE563 /* Build configuration list for PBXNativeTarget "swiftexample" */ = {
			isa = XCConfigurationList;
			buildConfigurations = (
				EB5D92D023A106B2003EE563 /* Debug */,
				EB5D92D123A106B2003EE563 /* Release */,
			);
			defaultConfigurationIsVisible = 0;
			defaultConfigurationName = Release;
		};
/* End XCConfigurationList section */
	};
	rootObject = EB5D92B323A106AF003EE563 /* Project object */;
}
